
Microsoft Visual Studio Solution File, Format Version 11.00
# Visual Studio 2010
Project("{FAE04EC0-301F-11D3-BF4B-00C04F79EFBC}") = "XJSocketServer", "XJSocketServer.csproj", "{550B6619-A67D-4DF4-A3FA-D4F52BA26905}"
EndProject
Global
	GlobalSection(SolutionConfigurationPlatforms) = preSolution
		Debug|Any CPU = Debug|Any CPU
		Release|Any CPU = Release|Any CPU
	EndGlobalSection
	GlobalSection(ProjectConfigurationPlatforms) = postSolution
		{550B6619-A67D-4DF4-A3FA-D4F52BA26905}.Debug|Any CPU.ActiveCfg = Debug|Any CPU
		{550B6619-A67D-4DF4-A3FA-D4F52BA26905}.Debug|Any CPU.Build.0 = Debug|Any CPU
		{550B6619-A67D-4DF4-A3FA-D4F52BA26905}.Release|Any CPU.ActiveCfg = Release|Any CPU
		{550B6619-A67D-4DF4-A3FA-D4F52BA26905}.Release|Any CPU.Build.0 = Release|Any CPU
	EndGlobalSection
EndGlobal
